// !$*UTF8*$!
{
	archiveVersion = 1;
	classes = {
	};
	objectVersion = 46;
	objects = {

/* Begin PBXBuildFile section */
		2E1DDBAC1F3DB2D500DFA9C6 /* SafariServices.framework in Frameworks */ = {isa = PBXBuildFile; fileRef = 2E66423C1F23C6DD003AB65A /* SafariServices.framework */; };
		2E1DDBB01F3E086C00DFA9C6 /* Rating.swift in Sources */ = {isa = PBXBuildFile; fileRef = 2E1DDBAF1F3E086C00DFA9C6 /* Rating.swift */; };
		2E1DDBB21F3E30D700DFA9C6 /* LicenseViewController.swift in Sources */ = {isa = PBXBuildFile; fileRef = 2E1DDBB11F3E30D700DFA9C6 /* LicenseViewController.swift */; };
		2E23DD861F2E10200088BE5F /* CustomTableViewCell.swift in Sources */ = {isa = PBXBuildFile; fileRef = 2E23DD841F2E10200088BE5F /* CustomTableViewCell.swift */; };
		2E23DD871F2E10200088BE5F /* CustomTableViewCell.xib in Resources */ = {isa = PBXBuildFile; fileRef = 2E23DD851F2E10200088BE5F /* CustomTableViewCell.xib */; };
		2E23DD891F2E1DC40088BE5F /* PushFadeSegue.swift in Sources */ = {isa = PBXBuildFile; fileRef = 2E23DD881F2E1DC40088BE5F /* PushFadeSegue.swift */; };
		2E23DD8B1F2E24530088BE5F /* UnwindFadeSegue.swift in Sources */ = {isa = PBXBuildFile; fileRef = 2E23DD8A1F2E24530088BE5F /* UnwindFadeSegue.swift */; };
		2E23DD8D1F2E2AC80088BE5F /* SettingViewController.swift in Sources */ = {isa = PBXBuildFile; fileRef = 2E23DD8C1F2E2AC80088BE5F /* SettingViewController.swift */; };
		2E2A3CBF1F278DB4004977B5 /* ViewController+Alert.swift in Sources */ = {isa = PBXBuildFile; fileRef = 2E2A3CBE1F278DB4004977B5 /* ViewController+Alert.swift */; };
		2E2A3CC11F2A3E90004977B5 /* ShopListViewController.swift in Sources */ = {isa = PBXBuildFile; fileRef = 2E2A3CC01F2A3E90004977B5 /* ShopListViewController.swift */; };
		2E6641F31F1CFB14003AB65A /* AppDelegate.swift in Sources */ = {isa = PBXBuildFile; fileRef = 2E6641F21F1CFB14003AB65A /* AppDelegate.swift */; };
		2E6641F51F1CFB14003AB65A /* MapViewController.swift in Sources */ = {isa = PBXBuildFile; fileRef = 2E6641F41F1CFB14003AB65A /* MapViewController.swift */; };
		2E6641F81F1CFB14003AB65A /* Main.storyboard in Resources */ = {isa = PBXBuildFile; fileRef = 2E6641F61F1CFB14003AB65A /* Main.storyboard */; };
		2E6641FA1F1CFB14003AB65A /* Assets.xcassets in Resources */ = {isa = PBXBuildFile; fileRef = 2E6641F91F1CFB14003AB65A /* Assets.xcassets */; };
		2E6641FD1F1CFB14003AB65A /* LaunchScreen.storyboard in Resources */ = {isa = PBXBuildFile; fileRef = 2E6641FB1F1CFB14003AB65A /* LaunchScreen.storyboard */; };
		2E6642081F1CFB14003AB65A /* FoodLoggerTests.swift in Sources */ = {isa = PBXBuildFile; fileRef = 2E6642071F1CFB14003AB65A /* FoodLoggerTests.swift */; };
		2E6642131F1CFB14003AB65A /* FoodLoggerUITests.swift in Sources */ = {isa = PBXBuildFile; fileRef = 2E6642121F1CFB14003AB65A /* FoodLoggerUITests.swift */; };
		2E6642211F1D002B003AB65A /* key.plist in Resources */ = {isa = PBXBuildFile; fileRef = 2E6642201F1D002B003AB65A /* key.plist */; };
		2E6642271F1E555B003AB65A /* MarkerInfoContentsView.xib in Resources */ = {isa = PBXBuildFile; fileRef = 2E6642261F1E555B003AB65A /* MarkerInfoContentsView.xib */; };
		2E6642291F1E57C7003AB65A /* MarkerInfoContentsView.swift in Sources */ = {isa = PBXBuildFile; fileRef = 2E6642281F1E57C7003AB65A /* MarkerInfoContentsView.swift */; };
		2E66422B1F1E617C003AB65A /* MapViewModels.swift in Sources */ = {isa = PBXBuildFile; fileRef = 2E66422A1F1E617C003AB65A /* MapViewModels.swift */; };
		2E6642301F238279003AB65A /* HotpepperShop.swift in Sources */ = {isa = PBXBuildFile; fileRef = 2E66422F1F238279003AB65A /* HotpepperShop.swift */; };
		2E6642321F238464003AB65A /* GurunaviShop.swift in Sources */ = {isa = PBXBuildFile; fileRef = 2E6642311F238464003AB65A /* GurunaviShop.swift */; };
		2E6642341F238D6D003AB65A /* RealmShop.swift in Sources */ = {isa = PBXBuildFile; fileRef = 2E6642331F238D6D003AB65A /* RealmShop.swift */; };
		2E6642361F238DF4003AB65A /* RealmShopManager.swift in Sources */ = {isa = PBXBuildFile; fileRef = 2E6642351F238DF4003AB65A /* RealmShopManager.swift */; };
		2E6E5EAB1F7623190098B452 /* ShopDetailViewController.swift in Sources */ = {isa = PBXBuildFile; fileRef = 2E6E5EAA1F7623190098B452 /* ShopDetailViewController.swift */; };
		2EA98CCB1F30D63A004F285F /* CreateShopMemoViewController.swift in Sources */ = {isa = PBXBuildFile; fileRef = 2EA98CCA1F30D63A004F285F /* CreateShopMemoViewController.swift */; };
		2EA98CCE1F361375004F285F /* RealmFood.swift in Sources */ = {isa = PBXBuildFile; fileRef = 2EA98CCD1F361375004F285F /* RealmFood.swift */; };
		2EA98CD41F3629A9004F285F /* UIPlaceHolderTextView.swift in Sources */ = {isa = PBXBuildFile; fileRef = 2EA98CD31F3629A9004F285F /* UIPlaceHolderTextView.swift */; };
		2EC4C5871F2E0CF4005198E8 /* UIImage+Extension.swift in Sources */ = {isa = PBXBuildFile; fileRef = 2EC4C5861F2E0CF4005198E8 /* UIImage+Extension.swift */; };
		4EEE2C2878D463A757BC7452 /* Pods_FoodLogger.framework in Frameworks */ = {isa = PBXBuildFile; fileRef = 2D6E730A7FC1092D71E741D0 /* Pods_FoodLogger.framework */; };
		6226C81B486C3A8FABD23733 /* Pods_Tests_FoodLoggerTests.framework in Frameworks */ = {isa = PBXBuildFile; fileRef = 8CA49AEB0F31C2861E65ECF2 /* Pods_Tests_FoodLoggerTests.framework */; };
		694DA7D05A0993B8BCFF68E6 /* Pods_Tests_FoodLoggerUITests.framework in Frameworks */ = {isa = PBXBuildFile; fileRef = 2F6E6C4BE8DAD79F49BA9867 /* Pods_Tests_FoodLoggerUITests.framework */; };
/* End PBXBuildFile section */

/* Begin PBXContainerItemProxy section */
		2E6642041F1CFB14003AB65A /* PBXContainerItemProxy */ = {
			isa = PBXContainerItemProxy;
			containerPortal = 2E6641E71F1CFB14003AB65A /* Project object */;
			proxyType = 1;
			remoteGlobalIDString = 2E6641EE1F1CFB14003AB65A;
			remoteInfo = FoodLogger;
		};
		2E66420F1F1CFB14003AB65A /* PBXContainerItemProxy */ = {
			isa = PBXContainerItemProxy;
			containerPortal = 2E6641E71F1CFB14003AB65A /* Project object */;
			proxyType = 1;
			remoteGlobalIDString = 2E6641EE1F1CFB14003AB65A;
			remoteInfo = FoodLogger;
		};
/* End PBXContainerItemProxy section */

/* Begin PBXFileReference section */
		0333A23A4B1F71ABB566364B /* Pods-FoodLogger.debug.xcconfig */ = {isa = PBXFileReference; includeInIndex = 1; lastKnownFileType = text.xcconfig; name = "Pods-FoodLogger.debug.xcconfig"; path = "Pods/Target Support Files/Pods-FoodLogger/Pods-FoodLogger.debug.xcconfig"; sourceTree = "<group>"; };
		2D6E730A7FC1092D71E741D0 /* Pods_FoodLogger.framework */ = {isa = PBXFileReference; explicitFileType = wrapper.framework; includeInIndex = 0; path = Pods_FoodLogger.framework; sourceTree = BUILT_PRODUCTS_DIR; };
		2E1DDBAF1F3E086C00DFA9C6 /* Rating.swift */ = {isa = PBXFileReference; fileEncoding = 4; lastKnownFileType = sourcecode.swift; path = Rating.swift; sourceTree = "<group>"; };
		2E1DDBB11F3E30D700DFA9C6 /* LicenseViewController.swift */ = {isa = PBXFileReference; fileEncoding = 4; lastKnownFileType = sourcecode.swift; path = LicenseViewController.swift; sourceTree = "<group>"; };
		2E23DD841F2E10200088BE5F /* CustomTableViewCell.swift */ = {isa = PBXFileReference; fileEncoding = 4; lastKnownFileType = sourcecode.swift; path = CustomTableViewCell.swift; sourceTree = "<group>"; };
		2E23DD851F2E10200088BE5F /* CustomTableViewCell.xib */ = {isa = PBXFileReference; fileEncoding = 4; lastKnownFileType = file.xib; path = CustomTableViewCell.xib; sourceTree = "<group>"; };
		2E23DD881F2E1DC40088BE5F /* PushFadeSegue.swift */ = {isa = PBXFileReference; fileEncoding = 4; lastKnownFileType = sourcecode.swift; path = PushFadeSegue.swift; sourceTree = "<group>"; };
		2E23DD8A1F2E24530088BE5F /* UnwindFadeSegue.swift */ = {isa = PBXFileReference; fileEncoding = 4; lastKnownFileType = sourcecode.swift; path = UnwindFadeSegue.swift; sourceTree = "<group>"; };
		2E23DD8C1F2E2AC80088BE5F /* SettingViewController.swift */ = {isa = PBXFileReference; fileEncoding = 4; lastKnownFileType = sourcecode.swift; path = SettingViewController.swift; sourceTree = "<group>"; };
		2E2A3CBE1F278DB4004977B5 /* ViewController+Alert.swift */ = {isa = PBXFileReference; fileEncoding = 4; lastKnownFileType = sourcecode.swift; path = "ViewController+Alert.swift"; sourceTree = "<group>"; };
		2E2A3CC01F2A3E90004977B5 /* ShopListViewController.swift */ = {isa = PBXFileReference; fileEncoding = 4; lastKnownFileType = sourcecode.swift; path = ShopListViewController.swift; sourceTree = "<group>"; };
		2E6641EF1F1CFB14003AB65A /* FoodLogger.app */ = {isa = PBXFileReference; explicitFileType = wrapper.application; includeInIndex = 0; path = FoodLogger.app; sourceTree = BUILT_PRODUCTS_DIR; };
		2E6641F21F1CFB14003AB65A /* AppDelegate.swift */ = {isa = PBXFileReference; lastKnownFileType = sourcecode.swift; path = AppDelegate.swift; sourceTree = "<group>"; };
		2E6641F41F1CFB14003AB65A /* MapViewController.swift */ = {isa = PBXFileReference; lastKnownFileType = sourcecode.swift; path = MapViewController.swift; sourceTree = "<group>"; };
		2E6641F71F1CFB14003AB65A /* Base */ = {isa = PBXFileReference; lastKnownFileType = file.storyboard; name = Base; path = Base.lproj/Main.storyboard; sourceTree = "<group>"; };
		2E6641F91F1CFB14003AB65A /* Assets.xcassets */ = {isa = PBXFileReference; lastKnownFileType = folder.assetcatalog; path = Assets.xcassets; sourceTree = "<group>"; };
		2E6641FC1F1CFB14003AB65A /* Base */ = {isa = PBXFileReference; lastKnownFileType = file.storyboard; name = Base; path = Base.lproj/LaunchScreen.storyboard; sourceTree = "<group>"; };
		2E6641FE1F1CFB14003AB65A /* Info.plist */ = {isa = PBXFileReference; lastKnownFileType = text.plist.xml; path = Info.plist; sourceTree = "<group>"; };
		2E6642031F1CFB14003AB65A /* FoodLoggerTests.xctest */ = {isa = PBXFileReference; explicitFileType = wrapper.cfbundle; includeInIndex = 0; path = FoodLoggerTests.xctest; sourceTree = BUILT_PRODUCTS_DIR; };
		2E6642071F1CFB14003AB65A /* FoodLoggerTests.swift */ = {isa = PBXFileReference; lastKnownFileType = sourcecode.swift; path = FoodLoggerTests.swift; sourceTree = "<group>"; };
		2E6642091F1CFB14003AB65A /* Info.plist */ = {isa = PBXFileReference; lastKnownFileType = text.plist.xml; path = Info.plist; sourceTree = "<group>"; };
		2E66420E1F1CFB14003AB65A /* FoodLoggerUITests.xctest */ = {isa = PBXFileReference; explicitFileType = wrapper.cfbundle; includeInIndex = 0; path = FoodLoggerUITests.xctest; sourceTree = BUILT_PRODUCTS_DIR; };
		2E6642121F1CFB14003AB65A /* FoodLoggerUITests.swift */ = {isa = PBXFileReference; lastKnownFileType = sourcecode.swift; path = FoodLoggerUITests.swift; sourceTree = "<group>"; };
		2E6642141F1CFB14003AB65A /* Info.plist */ = {isa = PBXFileReference; lastKnownFileType = text.plist.xml; path = Info.plist; sourceTree = "<group>"; };
		2E6642201F1D002B003AB65A /* key.plist */ = {isa = PBXFileReference; fileEncoding = 4; lastKnownFileType = text.plist.xml; path = key.plist; sourceTree = "<group>"; };
		2E6642261F1E555B003AB65A /* MarkerInfoContentsView.xib */ = {isa = PBXFileReference; fileEncoding = 4; lastKnownFileType = file.xib; path = MarkerInfoContentsView.xib; sourceTree = "<group>"; };
		2E6642281F1E57C7003AB65A /* MarkerInfoContentsView.swift */ = {isa = PBXFileReference; fileEncoding = 4; lastKnownFileType = sourcecode.swift; path = MarkerInfoContentsView.swift; sourceTree = "<group>"; };
		2E66422A1F1E617C003AB65A /* MapViewModels.swift */ = {isa = PBXFileReference; fileEncoding = 4; lastKnownFileType = sourcecode.swift; path = MapViewModels.swift; sourceTree = "<group>"; };
		2E66422F1F238279003AB65A /* HotpepperShop.swift */ = {isa = PBXFileReference; fileEncoding = 4; lastKnownFileType = sourcecode.swift; path = HotpepperShop.swift; sourceTree = "<group>"; };
		2E6642311F238464003AB65A /* GurunaviShop.swift */ = {isa = PBXFileReference; fileEncoding = 4; lastKnownFileType = sourcecode.swift; path = GurunaviShop.swift; sourceTree = "<group>"; };
		2E6642331F238D6D003AB65A /* RealmShop.swift */ = {isa = PBXFileReference; fileEncoding = 4; lastKnownFileType = sourcecode.swift; path = RealmShop.swift; sourceTree = "<group>"; };
		2E6642351F238DF4003AB65A /* RealmShopManager.swift */ = {isa = PBXFileReference; fileEncoding = 4; lastKnownFileType = sourcecode.swift; path = RealmShopManager.swift; sourceTree = "<group>"; };
		2E66423C1F23C6DD003AB65A /* SafariServices.framework */ = {isa = PBXFileReference; lastKnownFileType = wrapper.framework; name = SafariServices.framework; path = System/Library/Frameworks/SafariServices.framework; sourceTree = SDKROOT; };
		2E6E5EAA1F7623190098B452 /* ShopDetailViewController.swift */ = {isa = PBXFileReference; fileEncoding = 4; lastKnownFileType = sourcecode.swift; path = ShopDetailViewController.swift; sourceTree = "<group>"; };
		2EA98CCA1F30D63A004F285F /* CreateShopMemoViewController.swift */ = {isa = PBXFileReference; fileEncoding = 4; lastKnownFileType = sourcecode.swift; path = CreateShopMemoViewController.swift; sourceTree = "<group>"; };
		2EA98CCD1F361375004F285F /* RealmFood.swift */ = {isa = PBXFileReference; fileEncoding = 4; lastKnownFileType = sourcecode.swift; path = RealmFood.swift; sourceTree = "<group>"; };
		2EA98CD31F3629A9004F285F /* UIPlaceHolderTextView.swift */ = {isa = PBXFileReference; fileEncoding = 4; lastKnownFileType = sourcecode.swift; path = UIPlaceHolderTextView.swift; sourceTree = "<group>"; };
		2EC4C5861F2E0CF4005198E8 /* UIImage+Extension.swift */ = {isa = PBXFileReference; fileEncoding = 4; lastKnownFileType = sourcecode.swift; path = "UIImage+Extension.swift"; sourceTree = "<group>"; };
		2F6E6C4BE8DAD79F49BA9867 /* Pods_Tests_FoodLoggerUITests.framework */ = {isa = PBXFileReference; explicitFileType = wrapper.framework; includeInIndex = 0; path = Pods_Tests_FoodLoggerUITests.framework; sourceTree = BUILT_PRODUCTS_DIR; };
		4564349300CB77D31B5AED72 /* Pods-Tests-FoodLoggerTests.release.xcconfig */ = {isa = PBXFileReference; includeInIndex = 1; lastKnownFileType = text.xcconfig; name = "Pods-Tests-FoodLoggerTests.release.xcconfig"; path = "Pods/Target Support Files/Pods-Tests-FoodLoggerTests/Pods-Tests-FoodLoggerTests.release.xcconfig"; sourceTree = "<group>"; };
		4890E0F88BF8D86469532123 /* Pods-Tests-FoodLoggerUITests.release.xcconfig */ = {isa = PBXFileReference; includeInIndex = 1; lastKnownFileType = text.xcconfig; name = "Pods-Tests-FoodLoggerUITests.release.xcconfig"; path = "Pods/Target Support Files/Pods-Tests-FoodLoggerUITests/Pods-Tests-FoodLoggerUITests.release.xcconfig"; sourceTree = "<group>"; };
		52343972551DF7511E91869A /* Pods-Tests-FoodLoggerTests.debug.xcconfig */ = {isa = PBXFileReference; includeInIndex = 1; lastKnownFileType = text.xcconfig; name = "Pods-Tests-FoodLoggerTests.debug.xcconfig"; path = "Pods/Target Support Files/Pods-Tests-FoodLoggerTests/Pods-Tests-FoodLoggerTests.debug.xcconfig"; sourceTree = "<group>"; };
		7BF26B06BF80064291169EC0 /* Pods-FoodLogger.release.xcconfig */ = {isa = PBXFileReference; includeInIndex = 1; lastKnownFileType = text.xcconfig; name = "Pods-FoodLogger.release.xcconfig"; path = "Pods/Target Support Files/Pods-FoodLogger/Pods-FoodLogger.release.xcconfig"; sourceTree = "<group>"; };
		876CC5E369541BC578E4DF35 /* Pods-Tests-FoodLoggerUITests.debug.xcconfig */ = {isa = PBXFileReference; includeInIndex = 1; lastKnownFileType = text.xcconfig; name = "Pods-Tests-FoodLoggerUITests.debug.xcconfig"; path = "Pods/Target Support Files/Pods-Tests-FoodLoggerUITests/Pods-Tests-FoodLoggerUITests.debug.xcconfig"; sourceTree = "<group>"; };
		8CA49AEB0F31C2861E65ECF2 /* Pods_Tests_FoodLoggerTests.framework */ = {isa = PBXFileReference; explicitFileType = wrapper.framework; includeInIndex = 0; path = Pods_Tests_FoodLoggerTests.framework; sourceTree = BUILT_PRODUCTS_DIR; };
/* End PBXFileReference section */

/* Begin PBXFrameworksBuildPhase section */
		2E6641EC1F1CFB14003AB65A /* Frameworks */ = {
			isa = PBXFrameworksBuildPhase;
			buildActionMask = 2147483647;
			files = (
				2E1DDBAC1F3DB2D500DFA9C6 /* SafariServices.framework in Frameworks */,
				4EEE2C2878D463A757BC7452 /* Pods_FoodLogger.framework in Frameworks */,
			);
			runOnlyForDeploymentPostprocessing = 0;
		};
		2E6642001F1CFB14003AB65A /* Frameworks */ = {
			isa = PBXFrameworksBuildPhase;
			buildActionMask = 2147483647;
			files = (
				6226C81B486C3A8FABD23733 /* Pods_Tests_FoodLoggerTests.framework in Frameworks */,
			);
			runOnlyForDeploymentPostprocessing = 0;
		};
		2E66420B1F1CFB14003AB65A /* Frameworks */ = {
			isa = PBXFrameworksBuildPhase;
			buildActionMask = 2147483647;
			files = (
				694DA7D05A0993B8BCFF68E6 /* Pods_Tests_FoodLoggerUITests.framework in Frameworks */,
			);
			runOnlyForDeploymentPostprocessing = 0;
		};
/* End PBXFrameworksBuildPhase section */

/* Begin PBXGroup section */
		0E672C363AA303708079955E /* Frameworks */ = {
			isa = PBXGroup;
			children = (
				2E66423C1F23C6DD003AB65A /* SafariServices.framework */,
				2D6E730A7FC1092D71E741D0 /* Pods_FoodLogger.framework */,
				8CA49AEB0F31C2861E65ECF2 /* Pods_Tests_FoodLoggerTests.framework */,
				2F6E6C4BE8DAD79F49BA9867 /* Pods_Tests_FoodLoggerUITests.framework */,
			);
			name = Frameworks;
			sourceTree = "<group>";
		};
		2E6641E61F1CFB14003AB65A = {
			isa = PBXGroup;
			children = (
				2E6641F11F1CFB14003AB65A /* FoodLogger */,
				2E6642061F1CFB14003AB65A /* FoodLoggerTests */,
				2E6642111F1CFB14003AB65A /* FoodLoggerUITests */,
				2E6641F01F1CFB14003AB65A /* Products */,
				39619B60ABD51D38FC97173F /* Pods */,
				0E672C363AA303708079955E /* Frameworks */,
			);
			sourceTree = "<group>";
		};
		2E6641F01F1CFB14003AB65A /* Products */ = {
			isa = PBXGroup;
			children = (
				2E6641EF1F1CFB14003AB65A /* FoodLogger.app */,
				2E6642031F1CFB14003AB65A /* FoodLoggerTests.xctest */,
				2E66420E1F1CFB14003AB65A /* FoodLoggerUITests.xctest */,
			);
			name = Products;
			sourceTree = "<group>";
		};
		2E6641F11F1CFB14003AB65A /* FoodLogger */ = {
			isa = PBXGroup;
			children = (
				2E66423E1F23C7FF003AB65A /* Scenes */,
				2E6642251F1E553A003AB65A /* Views */,
				2E6642221F1D09B3003AB65A /* Models */,
				2E6641F21F1CFB14003AB65A /* AppDelegate.swift */,
				2E6641F61F1CFB14003AB65A /* Main.storyboard */,
				2E6641F91F1CFB14003AB65A /* Assets.xcassets */,
				2E6641FB1F1CFB14003AB65A /* LaunchScreen.storyboard */,
				2E6641FE1F1CFB14003AB65A /* Info.plist */,
				2E6642201F1D002B003AB65A /* key.plist */,
			);
			path = FoodLogger;
			sourceTree = "<group>";
		};
		2E6642061F1CFB14003AB65A /* FoodLoggerTests */ = {
			isa = PBXGroup;
			children = (
				2E6642071F1CFB14003AB65A /* FoodLoggerTests.swift */,
				2E6642091F1CFB14003AB65A /* Info.plist */,
			);
			path = FoodLoggerTests;
			sourceTree = "<group>";
		};
		2E6642111F1CFB14003AB65A /* FoodLoggerUITests */ = {
			isa = PBXGroup;
			children = (
				2E6642121F1CFB14003AB65A /* FoodLoggerUITests.swift */,
				2E6642141F1CFB14003AB65A /* Info.plist */,
			);
			path = FoodLoggerUITests;
			sourceTree = "<group>";
		};
		2E6642221F1D09B3003AB65A /* Models */ = {
			isa = PBXGroup;
			children = (
				2EA98CCC1F361358004F285F /* Realm */,
				2E6642311F238464003AB65A /* GurunaviShop.swift */,
				2E66422F1F238279003AB65A /* HotpepperShop.swift */,
				2E23DD881F2E1DC40088BE5F /* PushFadeSegue.swift */,
				2E23DD8A1F2E24530088BE5F /* UnwindFadeSegue.swift */,
				2E1DDBAF1F3E086C00DFA9C6 /* Rating.swift */,
			);
			path = Models;
			sourceTree = "<group>";
		};
		2E6642251F1E553A003AB65A /* Views */ = {
			isa = PBXGroup;
			children = (
				2E2A3CBE1F278DB4004977B5 /* ViewController+Alert.swift */,
				2EC4C5861F2E0CF4005198E8 /* UIImage+Extension.swift */,
				2E6642261F1E555B003AB65A /* MarkerInfoContentsView.xib */,
				2E6642281F1E57C7003AB65A /* MarkerInfoContentsView.swift */,
				2E23DD851F2E10200088BE5F /* CustomTableViewCell.xib */,
				2E23DD841F2E10200088BE5F /* CustomTableViewCell.swift */,
				2EA98CD31F3629A9004F285F /* UIPlaceHolderTextView.swift */,
			);
			path = Views;
			sourceTree = "<group>";
		};
		2E66423E1F23C7FF003AB65A /* Scenes */ = {
			isa = PBXGroup;
			children = (
				2E6E5EA91F76229C0098B452 /* Licence */,
				2E6E5EA81F7622920098B452 /* MapView */,
				2E6E5EA71F76220F0098B452 /* ShopList */,
				2E6E5EA61F7622050098B452 /* ShopDetail */,
				2E6E5EA51F7621FB0098B452 /* Setting */,
				2E6E5EA31F7621B00098B452 /* CreateShopMemo */,
			);
			path = Scenes;
			sourceTree = "<group>";
		};
		2E6E5EA31F7621B00098B452 /* CreateShopMemo */ = {
			isa = PBXGroup;
			children = (
				2EA98CCA1F30D63A004F285F /* CreateShopMemoViewController.swift */,
			);
			path = CreateShopMemo;
			sourceTree = "<group>";
		};
		2E6E5EA51F7621FB0098B452 /* Setting */ = {
			isa = PBXGroup;
			children = (
				2E23DD8C1F2E2AC80088BE5F /* SettingViewController.swift */,
			);
			path = Setting;
			sourceTree = "<group>";
		};
		2E6E5EA61F7622050098B452 /* ShopDetail */ = {
			isa = PBXGroup;
			children = (
				2E6E5EAA1F7623190098B452 /* ShopDetailViewController.swift */,
			);
			path = ShopDetail;
			sourceTree = "<group>";
		};
		2E6E5EA71F76220F0098B452 /* ShopList */ = {
			isa = PBXGroup;
			children = (
				2E2A3CC01F2A3E90004977B5 /* ShopListViewController.swift */,
			);
			path = ShopList;
			sourceTree = "<group>";
		};
		2E6E5EA81F7622920098B452 /* MapView */ = {
			isa = PBXGroup;
			children = (
				2E6641F41F1CFB14003AB65A /* MapViewController.swift */,
				2E66422A1F1E617C003AB65A /* MapViewModels.swift */,
			);
			path = MapView;
			sourceTree = "<group>";
		};
		2E6E5EA91F76229C0098B452 /* Licence */ = {
			isa = PBXGroup;
			children = (
				2E1DDBB11F3E30D700DFA9C6 /* LicenseViewController.swift */,
			);
			path = Licence;
			sourceTree = "<group>";
		};
		2EA98CCC1F361358004F285F /* Realm */ = {
			isa = PBXGroup;
			children = (
				2EA98CCD1F361375004F285F /* RealmFood.swift */,
				2E6642331F238D6D003AB65A /* RealmShop.swift */,
				2E6642351F238DF4003AB65A /* RealmShopManager.swift */,
			);
			name = Realm;
			sourceTree = "<group>";
		};
		39619B60ABD51D38FC97173F /* Pods */ = {
			isa = PBXGroup;
			children = (
				0333A23A4B1F71ABB566364B /* Pods-FoodLogger.debug.xcconfig */,
				7BF26B06BF80064291169EC0 /* Pods-FoodLogger.release.xcconfig */,
				52343972551DF7511E91869A /* Pods-Tests-FoodLoggerTests.debug.xcconfig */,
				4564349300CB77D31B5AED72 /* Pods-Tests-FoodLoggerTests.release.xcconfig */,
				876CC5E369541BC578E4DF35 /* Pods-Tests-FoodLoggerUITests.debug.xcconfig */,
				4890E0F88BF8D86469532123 /* Pods-Tests-FoodLoggerUITests.release.xcconfig */,
			);
			name = Pods;
			sourceTree = "<group>";
		};
/* End PBXGroup section */

/* Begin PBXNativeTarget section */
		2E6641EE1F1CFB14003AB65A /* FoodLogger */ = {
			isa = PBXNativeTarget;
			buildConfigurationList = 2E6642171F1CFB14003AB65A /* Build configuration list for PBXNativeTarget "FoodLogger" */;
			buildPhases = (
				AD4808C7B796EC451B7080C6 /* [CP] Check Pods Manifest.lock */,
				2E6641EB1F1CFB14003AB65A /* Sources */,
				2E6641EC1F1CFB14003AB65A /* Frameworks */,
				2E6641ED1F1CFB14003AB65A /* Resources */,
				D7A75FDD18137022DC7157FA /* [CP] Embed Pods Frameworks */,
				6A539EC4341ACB1927766AC0 /* [CP] Copy Pods Resources */,
				2E66422C1F20F337003AB65A /* ShellScript */,
			);
			buildRules = (
			);
			dependencies = (
			);
			name = FoodLogger;
			productName = FoodLogger;
			productReference = 2E6641EF1F1CFB14003AB65A /* FoodLogger.app */;
			productType = "com.apple.product-type.application";
		};
		2E6642021F1CFB14003AB65A /* FoodLoggerTests */ = {
			isa = PBXNativeTarget;
			buildConfigurationList = 2E66421A1F1CFB14003AB65A /* Build configuration list for PBXNativeTarget "FoodLoggerTests" */;
			buildPhases = (
				FDD85969C2F3A10BC6BC17F6 /* [CP] Check Pods Manifest.lock */,
				2E6641FF1F1CFB14003AB65A /* Sources */,
				2E6642001F1CFB14003AB65A /* Frameworks */,
				2E6642011F1CFB14003AB65A /* Resources */,
				31BFEB56035B8618C5238D56 /* [CP] Embed Pods Frameworks */,
				B4E8C895D122440515BEB3F9 /* [CP] Copy Pods Resources */,
			);
			buildRules = (
			);
			dependencies = (
				2E6642051F1CFB14003AB65A /* PBXTargetDependency */,
			);
			name = FoodLoggerTests;
			productName = FoodLoggerTests;
			productReference = 2E6642031F1CFB14003AB65A /* FoodLoggerTests.xctest */;
			productType = "com.apple.product-type.bundle.unit-test";
		};
		2E66420D1F1CFB14003AB65A /* FoodLoggerUITests */ = {
			isa = PBXNativeTarget;
			buildConfigurationList = 2E66421D1F1CFB14003AB65A /* Build configuration list for PBXNativeTarget "FoodLoggerUITests" */;
			buildPhases = (
				E0AC86A120626CE1DB5C4335 /* [CP] Check Pods Manifest.lock */,
				2E66420A1F1CFB14003AB65A /* Sources */,
				2E66420B1F1CFB14003AB65A /* Frameworks */,
				2E66420C1F1CFB14003AB65A /* Resources */,
				8704E03AF91F2DAE2137A25E /* [CP] Embed Pods Frameworks */,
				4C0C6F330039C2E2A224E49B /* [CP] Copy Pods Resources */,
			);
			buildRules = (
			);
			dependencies = (
				2E6642101F1CFB14003AB65A /* PBXTargetDependency */,
			);
			name = FoodLoggerUITests;
			productName = FoodLoggerUITests;
			productReference = 2E66420E1F1CFB14003AB65A /* FoodLoggerUITests.xctest */;
			productType = "com.apple.product-type.bundle.ui-testing";
		};
/* End PBXNativeTarget section */

/* Begin PBXProject section */
		2E6641E71F1CFB14003AB65A /* Project object */ = {
			isa = PBXProject;
			attributes = {
				LastSwiftUpdateCheck = 0830;
				LastUpgradeCheck = 0830;
				ORGANIZATIONNAME = "Takahiro Kato";
				TargetAttributes = {
					2E6641EE1F1CFB14003AB65A = {
						CreatedOnToolsVersion = 8.3.3;
						DevelopmentTeam = 6J4XG67E62;
						ProvisioningStyle = Automatic;
					};
					2E6642021F1CFB14003AB65A = {
						CreatedOnToolsVersion = 8.3.3;
						DevelopmentTeam = 6J4XG67E62;
						ProvisioningStyle = Automatic;
						TestTargetID = 2E6641EE1F1CFB14003AB65A;
					};
					2E66420D1F1CFB14003AB65A = {
						CreatedOnToolsVersion = 8.3.3;
						DevelopmentTeam = 6J4XG67E62;
						ProvisioningStyle = Automatic;
						TestTargetID = 2E6641EE1F1CFB14003AB65A;
					};
				};
			};
			buildConfigurationList = 2E6641EA1F1CFB14003AB65A /* Build configuration list for PBXProject "FoodLogger" */;
			compatibilityVersion = "Xcode 3.2";
			developmentRegion = English;
			hasScannedForEncodings = 0;
			knownRegions = (
				en,
				Base,
			);
			mainGroup = 2E6641E61F1CFB14003AB65A;
			productRefGroup = 2E6641F01F1CFB14003AB65A /* Products */;
			projectDirPath = "";
			projectRoot = "";
			targets = (
				2E6641EE1F1CFB14003AB65A /* FoodLogger */,
				2E6642021F1CFB14003AB65A /* FoodLoggerTests */,
				2E66420D1F1CFB14003AB65A /* FoodLoggerUITests */,
			);
		};
/* End PBXProject section */

/* Begin PBXResourcesBuildPhase section */
		2E6641ED1F1CFB14003AB65A /* Resources */ = {
			isa = PBXResourcesBuildPhase;
			buildActionMask = 2147483647;
			files = (
				2E6642211F1D002B003AB65A /* key.plist in Resources */,
				2E6641FD1F1CFB14003AB65A /* LaunchScreen.storyboard in Resources */,
				2E23DD871F2E10200088BE5F /* CustomTableViewCell.xib in Resources */,
				2E6641FA1F1CFB14003AB65A /* Assets.xcassets in Resources */,
				2E6642271F1E555B003AB65A /* MarkerInfoContentsView.xib in Resources */,
				2E6641F81F1CFB14003AB65A /* Main.storyboard in Resources */,
			);
			runOnlyForDeploymentPostprocessing = 0;
		};
		2E6642011F1CFB14003AB65A /* Resources */ = {
			isa = PBXResourcesBuildPhase;
			buildActionMask = 2147483647;
			files = (
			);
			runOnlyForDeploymentPostprocessing = 0;
		};
		2E66420C1F1CFB14003AB65A /* Resources */ = {
			isa = PBXResourcesBuildPhase;
			buildActionMask = 2147483647;
			files = (
			);
			runOnlyForDeploymentPostprocessing = 0;
		};
/* End PBXResourcesBuildPhase section */

/* Begin PBXShellScriptBuildPhase section */
		2E66422C1F20F337003AB65A /* ShellScript */ = {
			isa = PBXShellScriptBuildPhase;
			buildActionMask = 2147483647;
			files = (
			);
			inputPaths = (
			);
			outputPaths = (
			);
			runOnlyForDeploymentPostprocessing = 0;
			shellPath = /bin/sh;
			shellScript = "if which swiftlint >/dev/null; then\nswiftlint\nelse\necho \"SwiftLint does not exist, download from https://github.com/realm/SwiftLint\"\nfi";
		};
		31BFEB56035B8618C5238D56 /* [CP] Embed Pods Frameworks */ = {
			isa = PBXShellScriptBuildPhase;
			buildActionMask = 2147483647;
			files = (
			);
			inputPaths = (
			);
			name = "[CP] Embed Pods Frameworks";
			outputPaths = (
			);
			runOnlyForDeploymentPostprocessing = 0;
			shellPath = /bin/sh;
			shellScript = "\"${SRCROOT}/Pods/Target Support Files/Pods-Tests-FoodLoggerTests/Pods-Tests-FoodLoggerTests-frameworks.sh\"\n";
			showEnvVarsInLog = 0;
		};
		4C0C6F330039C2E2A224E49B /* [CP] Copy Pods Resources */ = {
			isa = PBXShellScriptBuildPhase;
			buildActionMask = 2147483647;
			files = (
			);
			inputPaths = (
			);
			name = "[CP] Copy Pods Resources";
			outputPaths = (
			);
			runOnlyForDeploymentPostprocessing = 0;
			shellPath = /bin/sh;
			shellScript = "\"${SRCROOT}/Pods/Target Support Files/Pods-Tests-FoodLoggerUITests/Pods-Tests-FoodLoggerUITests-resources.sh\"\n";
			showEnvVarsInLog = 0;
		};
		6A539EC4341ACB1927766AC0 /* [CP] Copy Pods Resources */ = {
			isa = PBXShellScriptBuildPhase;
			buildActionMask = 2147483647;
			files = (
			);
			inputPaths = (
			);
			name = "[CP] Copy Pods Resources";
			outputPaths = (
			);
			runOnlyForDeploymentPostprocessing = 0;
			shellPath = /bin/sh;
			shellScript = "\"${SRCROOT}/Pods/Target Support Files/Pods-FoodLogger/Pods-FoodLogger-resources.sh\"\n";
			showEnvVarsInLog = 0;
		};
		8704E03AF91F2DAE2137A25E /* [CP] Embed Pods Frameworks */ = {
			isa = PBXShellScriptBuildPhase;
			buildActionMask = 2147483647;
			files = (
			);
			inputPaths = (
			);
			name = "[CP] Embed Pods Frameworks";
			outputPaths = (
			);
			runOnlyForDeploymentPostprocessing = 0;
			shellPath = /bin/sh;
			shellScript = "\"${SRCROOT}/Pods/Target Support Files/Pods-Tests-FoodLoggerUITests/Pods-Tests-FoodLoggerUITests-frameworks.sh\"\n";
			showEnvVarsInLog = 0;
		};
		AD4808C7B796EC451B7080C6 /* [CP] Check Pods Manifest.lock */ = {
			isa = PBXShellScriptBuildPhase;
			buildActionMask = 2147483647;
			files = (
			);
			inputPaths = (
			);
			name = "[CP] Check Pods Manifest.lock";
			outputPaths = (
			);
			runOnlyForDeploymentPostprocessing = 0;
			shellPath = /bin/sh;
			shellScript = "diff \"${PODS_ROOT}/../Podfile.lock\" \"${PODS_ROOT}/Manifest.lock\" > /dev/null\nif [ $? != 0 ] ; then\n    # print error to STDERR\n    echo \"error: The sandbox is not in sync with the Podfile.lock. Run 'pod install' or update your CocoaPods installation.\" >&2\n    exit 1\nfi\n";
			showEnvVarsInLog = 0;
		};
		B4E8C895D122440515BEB3F9 /* [CP] Copy Pods Resources */ = {
			isa = PBXShellScriptBuildPhase;
			buildActionMask = 2147483647;
			files = (
			);
			inputPaths = (
			);
			name = "[CP] Copy Pods Resources";
			outputPaths = (
			);
			runOnlyForDeploymentPostprocessing = 0;
			shellPath = /bin/sh;
			shellScript = "\"${SRCROOT}/Pods/Target Support Files/Pods-Tests-FoodLoggerTests/Pods-Tests-FoodLoggerTests-resources.sh\"\n";
			showEnvVarsInLog = 0;
		};
		D7A75FDD18137022DC7157FA /* [CP] Embed Pods Frameworks */ = {
			isa = PBXShellScriptBuildPhase;
			buildActionMask = 2147483647;
			files = (
			);
			inputPaths = (
			);
			name = "[CP] Embed Pods Frameworks";
			outputPaths = (
			);
			runOnlyForDeploymentPostprocessing = 0;
			shellPath = /bin/sh;
			shellScript = "\"${SRCROOT}/Pods/Target Support Files/Pods-FoodLogger/Pods-FoodLogger-frameworks.sh\"\n";
			showEnvVarsInLog = 0;
		};
		E0AC86A120626CE1DB5C4335 /* [CP] Check Pods Manifest.lock */ = {
			isa = PBXShellScriptBuildPhase;
			buildActionMask = 2147483647;
			files = (
			);
			inputPaths = (
			);
			name = "[CP] Check Pods Manifest.lock";
			outputPaths = (
			);
			runOnlyForDeploymentPostprocessing = 0;
			shellPath = /bin/sh;
			shellScript = "diff \"${PODS_ROOT}/../Podfile.lock\" \"${PODS_ROOT}/Manifest.lock\" > /dev/null\nif [ $? != 0 ] ; then\n    # print error to STDERR\n    echo \"error: The sandbox is not in sync with the Podfile.lock. Run 'pod install' or update your CocoaPods installation.\" >&2\n    exit 1\nfi\n";
			showEnvVarsInLog = 0;
		};
		FDD85969C2F3A10BC6BC17F6 /* [CP] Check Pods Manifest.lock */ = {
			isa = PBXShellScriptBuildPhase;
			buildActionMask = 2147483647;
			files = (
			);
			inputPaths = (
			);
			name = "[CP] Check Pods Manifest.lock";
			outputPaths = (
			);
			runOnlyForDeploymentPostprocessing = 0;
			shellPath = /bin/sh;
			shellScript = "diff \"${PODS_ROOT}/../Podfile.lock\" \"${PODS_ROOT}/Manifest.lock\" > /dev/null\nif [ $? != 0 ] ; then\n    # print error to STDERR\n    echo \"error: The sandbox is not in sync with the Podfile.lock. Run 'pod install' or update your CocoaPods installation.\" >&2\n    exit 1\nfi\n";
			showEnvVarsInLog = 0;
		};
/* End PBXShellScriptBuildPhase section */

/* Begin PBXSourcesBuildPhase section */
		2E6641EB1F1CFB14003AB65A /* Sources */ = {
			isa = PBXSourcesBuildPhase;
			buildActionMask = 2147483647;
			files = (
				2E6642321F238464003AB65A /* GurunaviShop.swift in Sources */,
				2EA98CCB1F30D63A004F285F /* CreateShopMemoViewController.swift in Sources */,
				2E66422B1F1E617C003AB65A /* MapViewModels.swift in Sources */,
				2E6642341F238D6D003AB65A /* RealmShop.swift in Sources */,
				2E6641F51F1CFB14003AB65A /* MapViewController.swift in Sources */,
				2EA98CD41F3629A9004F285F /* UIPlaceHolderTextView.swift in Sources */,
				2E6642291F1E57C7003AB65A /* MarkerInfoContentsView.swift in Sources */,
				2E6642301F238279003AB65A /* HotpepperShop.swift in Sources */,
				2E2A3CC11F2A3E90004977B5 /* ShopListViewController.swift in Sources */,
				2E23DD8B1F2E24530088BE5F /* UnwindFadeSegue.swift in Sources */,
				2E1DDBB01F3E086C00DFA9C6 /* Rating.swift in Sources */,
				2E6E5EAB1F7623190098B452 /* ShopDetailViewController.swift in Sources */,
				2EA98CCE1F361375004F285F /* RealmFood.swift in Sources */,
				2E23DD861F2E10200088BE5F /* CustomTableViewCell.swift in Sources */,
				2E6641F31F1CFB14003AB65A /* AppDelegate.swift in Sources */,
				2EC4C5871F2E0CF4005198E8 /* UIImage+Extension.swift in Sources */,
				2E23DD8D1F2E2AC80088BE5F /* SettingViewController.swift in Sources */,
				2E2A3CBF1F278DB4004977B5 /* ViewController+Alert.swift in Sources */,
				2E1DDBB21F3E30D700DFA9C6 /* LicenseViewController.swift in Sources */,
				2E23DD891F2E1DC40088BE5F /* PushFadeSegue.swift in Sources */,
				2E6642361F238DF4003AB65A /* RealmShopManager.swift in Sources */,
			);
			runOnlyForDeploymentPostprocessing = 0;
		};
		2E6641FF1F1CFB14003AB65A /* Sources */ = {
			isa = PBXSourcesBuildPhase;
			buildActionMask = 2147483647;
			files = (
				2E6642081F1CFB14003AB65A /* FoodLoggerTests.swift in Sources */,
			);
			runOnlyForDeploymentPostprocessing = 0;
		};
		2E66420A1F1CFB14003AB65A /* Sources */ = {
			isa = PBXSourcesBuildPhase;
			buildActionMask = 2147483647;
			files = (
				2E6642131F1CFB14003AB65A /* FoodLoggerUITests.swift in Sources */,
			);
			runOnlyForDeploymentPostprocessing = 0;
		};
/* End PBXSourcesBuildPhase section */

/* Begin PBXTargetDependency section */
		2E6642051F1CFB14003AB65A /* PBXTargetDependency */ = {
			isa = PBXTargetDependency;
			target = 2E6641EE1F1CFB14003AB65A /* FoodLogger */;
			targetProxy = 2E6642041F1CFB14003AB65A /* PBXContainerItemProxy */;
		};
		2E6642101F1CFB14003AB65A /* PBXTargetDependency */ = {
			isa = PBXTargetDependency;
			target = 2E6641EE1F1CFB14003AB65A /* FoodLogger */;
			targetProxy = 2E66420F1F1CFB14003AB65A /* PBXContainerItemProxy */;
		};
/* End PBXTargetDependency section */

/* Begin PBXVariantGroup section */
		2E6641F61F1CFB14003AB65A /* Main.storyboard */ = {
			isa = PBXVariantGroup;
			children = (
				2E6641F71F1CFB14003AB65A /* Base */,
			);
			name = Main.storyboard;
			sourceTree = "<group>";
		};
		2E6641FB1F1CFB14003AB65A /* LaunchScreen.storyboard */ = {
			isa = PBXVariantGroup;
			children = (
				2E6641FC1F1CFB14003AB65A /* Base */,
			);
			name = LaunchScreen.storyboard;
			sourceTree = "<group>";
		};
/* End PBXVariantGroup section */

/* Begin XCBuildConfiguration section */
		2E6642151F1CFB14003AB65A /* Debug */ = {
			isa = XCBuildConfiguration;
			buildSettings = {
				ALWAYS_SEARCH_USER_PATHS = NO;
				CLANG_ANALYZER_NONNULL = YES;
				CLANG_ANALYZER_NUMBER_OBJECT_CONVERSION = YES_AGGRESSIVE;
				CLANG_CXX_LANGUAGE_STANDARD = "gnu++0x";
				CLANG_CXX_LIBRARY = "libc++";
				CLANG_ENABLE_MODULES = YES;
				CLANG_ENABLE_OBJC_ARC = YES;
				CLANG_WARN_BOOL_CONVERSION = YES;
				CLANG_WARN_CONSTANT_CONVERSION = YES;
				CLANG_WARN_DIRECT_OBJC_ISA_USAGE = YES_ERROR;
				CLANG_WARN_DOCUMENTATION_COMMENTS = YES;
				CLANG_WARN_EMPTY_BODY = YES;
				CLANG_WARN_ENUM_CONVERSION = YES;
				CLANG_WARN_INFINITE_RECURSION = YES;
				CLANG_WARN_INT_CONVERSION = YES;
				CLANG_WARN_OBJC_ROOT_CLASS = YES_ERROR;
				CLANG_WARN_SUSPICIOUS_MOVE = YES;
				CLANG_WARN_UNREACHABLE_CODE = YES;
				CLANG_WARN__DUPLICATE_METHOD_MATCH = YES;
				"CODE_SIGN_IDENTITY[sdk=iphoneos*]" = "iPhone Developer";
				COPY_PHASE_STRIP = NO;
				DEBUG_INFORMATION_FORMAT = dwarf;
				ENABLE_STRICT_OBJC_MSGSEND = YES;
				ENABLE_TESTABILITY = YES;
				GCC_C_LANGUAGE_STANDARD = gnu99;
				GCC_DYNAMIC_NO_PIC = NO;
				GCC_NO_COMMON_BLOCKS = YES;
				GCC_OPTIMIZATION_LEVEL = 0;
				GCC_PREPROCESSOR_DEFINITIONS = (
					"DEBUG=1",
					"$(inherited)",
				);
				GCC_WARN_64_TO_32_BIT_CONVERSION = YES;
				GCC_WARN_ABOUT_RETURN_TYPE = YES_ERROR;
				GCC_WARN_UNDECLARED_SELECTOR = YES;
				GCC_WARN_UNINITIALIZED_AUTOS = YES_AGGRESSIVE;
				GCC_WARN_UNUSED_FUNCTION = YES;
				GCC_WARN_UNUSED_VARIABLE = YES;
				IPHONEOS_DEPLOYMENT_TARGET = 10.3;
				MTL_ENABLE_DEBUG_INFO = YES;
				ONLY_ACTIVE_ARCH = YES;
				SDKROOT = iphoneos;
				SWIFT_ACTIVE_COMPILATION_CONDITIONS = DEBUG;
				SWIFT_OPTIMIZATION_LEVEL = "-Onone";
			};
			name = Debug;
		};
		2E6642161F1CFB14003AB65A /* Release */ = {
			isa = XCBuildConfiguration;
			buildSettings = {
				ALWAYS_SEARCH_USER_PATHS = NO;
				CLANG_ANALYZER_NONNULL = YES;
				CLANG_ANALYZER_NUMBER_OBJECT_CONVERSION = YES_AGGRESSIVE;
				CLANG_CXX_LANGUAGE_STANDARD = "gnu++0x";
				CLANG_CXX_LIBRARY = "libc++";
				CLANG_ENABLE_MODULES = YES;
				CLANG_ENABLE_OBJC_ARC = YES;
				CLANG_WARN_BOOL_CONVERSION = YES;
				CLANG_WARN_CONSTANT_CONVERSION = YES;
				CLANG_WARN_DIRECT_OBJC_ISA_USAGE = YES_ERROR;
				CLANG_WARN_DOCUMENTATION_COMMENTS = YES;
				CLANG_WARN_EMPTY_BODY = YES;
				CLANG_WARN_ENUM_CONVERSION = YES;
				CLANG_WARN_INFINITE_RECURSION = YES;
				CLANG_WARN_INT_CONVERSION = YES;
				CLANG_WARN_OBJC_ROOT_CLASS = YES_ERROR;
				CLANG_WARN_SUSPICIOUS_MOVE = YES;
				CLANG_WARN_UNREACHABLE_CODE = YES;
				CLANG_WARN__DUPLICATE_METHOD_MATCH = YES;
				"CODE_SIGN_IDENTITY[sdk=iphoneos*]" = "iPhone Developer";
				COPY_PHASE_STRIP = NO;
				DEBUG_INFORMATION_FORMAT = "dwarf-with-dsym";
				ENABLE_NS_ASSERTIONS = NO;
				ENABLE_STRICT_OBJC_MSGSEND = YES;
				GCC_C_LANGUAGE_STANDARD = gnu99;
				GCC_NO_COMMON_BLOCKS = YES;
				GCC_WARN_64_TO_32_BIT_CONVERSION = YES;
				GCC_WARN_ABOUT_RETURN_TYPE = YES_ERROR;
				GCC_WARN_UNDECLARED_SELECTOR = YES;
				GCC_WARN_UNINITIALIZED_AUTOS = YES_AGGRESSIVE;
				GCC_WARN_UNUSED_FUNCTION = YES;
				GCC_WARN_UNUSED_VARIABLE = YES;
				IPHONEOS_DEPLOYMENT_TARGET = 10.3;
				MTL_ENABLE_DEBUG_INFO = NO;
				SDKROOT = iphoneos;
				SWIFT_OPTIMIZATION_LEVEL = "-Owholemodule";
				VALIDATE_PRODUCT = YES;
			};
			name = Release;
		};
		2E6642181F1CFB14003AB65A /* Debug */ = {
			isa = XCBuildConfiguration;
			baseConfigurationReference = 0333A23A4B1F71ABB566364B /* Pods-FoodLogger.debug.xcconfig */;
			buildSettings = {
				ASSETCATALOG_COMPILER_APPICON_NAME = AppIcon;
				DEVELOPMENT_TEAM = 6J4XG67E62;
				INFOPLIST_FILE = FoodLogger/Info.plist;
				IPHONEOS_DEPLOYMENT_TARGET = 10.0;
				LD_RUNPATH_SEARCH_PATHS = "$(inherited) @executable_path/Frameworks";
				PRODUCT_BUNDLE_IDENTIFIER = com.kato.FoodLogger;
				PRODUCT_NAME = "$(TARGET_NAME)";
				SWIFT_VERSION = 3.0;
			};
			name = Debug;
		};
		2E6642191F1CFB14003AB65A /* Release */ = {
			isa = XCBuildConfiguration;
			baseConfigurationReference = 7BF26B06BF80064291169EC0 /* Pods-FoodLogger.release.xcconfig */;
			buildSettings = {
				ASSETCATALOG_COMPILER_APPICON_NAME = AppIcon;
				DEVELOPMENT_TEAM = 6J4XG67E62;
				INFOPLIST_FILE = FoodLogger/Info.plist;
				IPHONEOS_DEPLOYMENT_TARGET = 10.0;
				LD_RUNPATH_SEARCH_PATHS = "$(inherited) @executable_path/Frameworks";
				PRODUCT_BUNDLE_IDENTIFIER = com.kato.FoodLogger;
				PRODUCT_NAME = "$(TARGET_NAME)";
				SWIFT_VERSION = 3.0;
			};
			name = Release;
		};
		2E66421B1F1CFB14003AB65A /* Debug */ = {
			isa = XCBuildConfiguration;
			baseConfigurationReference = 52343972551DF7511E91869A /* Pods-Tests-FoodLoggerTests.debug.xcconfig */;
			buildSettings = {
				ALWAYS_EMBED_SWIFT_STANDARD_LIBRARIES = YES;
				BUNDLE_LOADER = "$(TEST_HOST)";
				DEVELOPMENT_TEAM = 6J4XG67E62;
				INFOPLIST_FILE = FoodLoggerTests/Info.plist;
				LD_RUNPATH_SEARCH_PATHS = "$(inherited) @executable_path/Frameworks @loader_path/Frameworks";
				PRODUCT_BUNDLE_IDENTIFIER = com.kato.FoodLoggerTests;
				PRODUCT_NAME = "$(TARGET_NAME)";
				SWIFT_VERSION = 3.0;
				TEST_HOST = "$(BUILT_PRODUCTS_DIR)/FoodLogger.app/FoodLogger";
			};
			name = Debug;
		};
		2E66421C1F1CFB14003AB65A /* Release */ = {
			isa = XCBuildConfiguration;
			baseConfigurationReference = 4564349300CB77D31B5AED72 /* Pods-Tests-FoodLoggerTests.release.xcconfig */;
			buildSettings = {
				ALWAYS_EMBED_SWIFT_STANDARD_LIBRARIES = YES;
				BUNDLE_LOADER = "$(TEST_HOST)";
				DEVELOPMENT_TEAM = 6J4XG67E62;
				INFOPLIST_FILE = FoodLoggerTests/Info.plist;
				LD_RUNPATH_SEARCH_PATHS = "$(inherited) @executable_path/Frameworks @loader_path/Frameworks";
				PRODUCT_BUNDLE_IDENTIFIER = com.kato.FoodLoggerTests;
				PRODUCT_NAME = "$(TARGET_NAME)";
				SWIFT_VERSION = 3.0;
				TEST_HOST = "$(BUILT_PRODUCTS_DIR)/FoodLogger.app/FoodLogger";
			};
			name = Release;
		};
		2E66421E1F1CFB14003AB65A /* Debug */ = {
			isa = XCBuildConfiguration;
			baseConfigurationReference = 876CC5E369541BC578E4DF35 /* Pods-Tests-FoodLoggerUITests.debug.xcconfig */;
			buildSettings = {
				ALWAYS_EMBED_SWIFT_STANDARD_LIBRARIES = YES;
				DEVELOPMENT_TEAM = 6J4XG67E62;
				INFOPLIST_FILE = FoodLoggerUITests/Info.plist;
				LD_RUNPATH_SEARCH_PATHS = "$(inherited) @executable_path/Frameworks @loader_path/Frameworks";
				PRODUCT_BUNDLE_IDENTIFIER = com.kato.FoodLoggerUITests;
				PRODUCT_NAME = "$(TARGET_NAME)";
				SWIFT_VERSION = 3.0;
				TEST_TARGET_NAME = FoodLogger;
			};
			name = Debug;
		};
		2E66421F1F1CFB14003AB65A /* Release */ = {
			isa = XCBuildConfiguration;
			baseConfigurationReference = 4890E0F88BF8D86469532123 /* Pods-Tests-FoodLoggerUITests.release.xcconfig */;
			buildSettings = {
				ALWAYS_EMBED_SWIFT_STANDARD_LIBRARIES = YES;
				DEVELOPMENT_TEAM = 6J4XG67E62;
				INFOPLIST_FILE = FoodLoggerUITests/Info.plist;
				LD_RUNPATH_SEARCH_PATHS = "$(inherited) @executable_path/Frameworks @loader_path/Frameworks";
				PRODUCT_BUNDLE_IDENTIFIER = com.kato.FoodLoggerUITests;
				PRODUCT_NAME = "$(TARGET_NAME)";
				SWIFT_VERSION = 3.0;
				TEST_TARGET_NAME = FoodLogger;
			};
			name = Release;
		};
/* End XCBuildConfiguration section */

/* Begin XCConfigurationList section */
		2E6641EA1F1CFB14003AB65A /* Build configuration list for PBXProject "FoodLogger" */ = {
			isa = XCConfigurationList;
			buildConfigurations = (
				2E6642151F1CFB14003AB65A /* Debug */,
				2E6642161F1CFB14003AB65A /* Release */,
			);
			defaultConfigurationIsVisible = 0;
			defaultConfigurationName = Release;
		};
		2E6642171F1CFB14003AB65A /* Build configuration list for PBXNativeTarget "FoodLogger" */ = {
			isa = XCConfigurationList;
			buildConfigurations = (
				2E6642181F1CFB14003AB65A /* Debug */,
				2E6642191F1CFB14003AB65A /* Release */,
			);
			defaultConfigurationIsVisible = 0;
			defaultConfigurationName = Release;
		};
		2E66421A1F1CFB14003AB65A /* Build configuration list for PBXNativeTarget "FoodLoggerTests" */ = {
			isa = XCConfigurationList;
			buildConfigurations = (
				2E66421B1F1CFB14003AB65A /* Debug */,
				2E66421C1F1CFB14003AB65A /* Release */,
			);
			defaultConfigurationIsVisible = 0;
			defaultConfigurationName = Release;
		};
		2E66421D1F1CFB14003AB65A /* Build configuration list for PBXNativeTarget "FoodLoggerUITests" */ = {
			isa = XCConfigurationList;
			buildConfigurations = (
				2E66421E1F1CFB14003AB65A /* Debug */,
				2E66421F1F1CFB14003AB65A /* Release */,
			);
			defaultConfigurationIsVisible = 0;
			defaultConfigurationName = Release;
		};
/* End XCConfigurationList section */
	};
	rootObject = 2E6641E71F1CFB14003AB65A /* Project object */;
}
